
Microsoft Visual Studio Solution File, Format Version 12.00
# Visual Studio Version 17
VisualStudioVersion = 17.7.34024.191
MinimumVisualStudioVersion = 10.0.40219.1
Project("{FAE04EC0-301F-11D3-BF4B-00C04F79EFBC}") = "RecursionPot_MilazzoAntonio", "RecursionPot_MilazzoAntonio\RecursionPot_MilazzoAntonio.csproj", "{F4EE962E-0CF8-42A5-B3D0-6509D09D2840}"
EndProject
Global
	GlobalSection(SolutionConfigurationPlatforms) = preSolution
		Debug|Any CPU = Debug|Any CPU
		Release|Any CPU = Release|Any CPU
	EndGlobalSection
	GlobalSection(ProjectConfigurationPlatforms) = postSolution
		{F4EE962E-0CF8-42A5-B3D0-6509D09D2840}.Debug|Any CPU.ActiveCfg = Debug|Any CPU
		{F4EE962E-0CF8-42A5-B3D0-6509D09D2840}.Debug|Any CPU.Build.0 = Debug|Any CPU
		{F4EE962E-0CF8-42A5-B3D0-6509D09D2840}.Release|Any CPU.ActiveCfg = Release|Any CPU
		{F4EE962E-0CF8-42A5-B3D0-6509D09D2840}.Release|Any CPU.Build.0 = Release|Any CPU
	EndGlobalSection
	GlobalSection(SolutionProperties) = preSolution
		HideSolutionNode = FALSE
	EndGlobalSection
	GlobalSection(ExtensibilityGlobals) = postSolution
		SolutionGuid = {13D34DA9-5FEF-4647-B103-7EC2CB6E9E9D}
	EndGlobalSection
EndGlobal
